
Microsoft Visual Studio Solution File, Format Version 12.00
# Visual Studio 15
VisualStudioVersion = 15.0.27703.2000
MinimumVisualStudioVersion = 10.0.40219.1
Project("{FAE04EC0-301F-11D3-BF4B-00C04F79EFBC}") = "FunWithSpotifyApi", "FunWithSpotifyApi\FunWithSpotifyApi.csproj", "{D006B4C8-FE6F-4A11-8EFB-3E575F4E646A}"
EndProject
Project("{FAE04EC0-301F-11D3-BF4B-00C04F79EFBC}") = "FunWithSpotifyApiTests", "FunWithSpotifyApiTests\FunWithSpotifyApiTests.csproj", "{21429BF1-0FC6-4019-A22B-231D3492A980}"
EndProject
Global
	GlobalSection(SolutionConfigurationPlatforms) = preSolution
		Debug|Any CPU = Debug|Any CPU
		Release|Any CPU = Release|Any CPU
	EndGlobalSection
	GlobalSection(ProjectConfigurationPlatforms) = postSolution
		{D006B4C8-FE6F-4A11-8EFB-3E575F4E646A}.Debug|Any CPU.ActiveCfg = Debug|Any CPU
		{D006B4C8-FE6F-4A11-8EFB-3E575F4E646A}.Debug|Any CPU.Build.0 = Debug|Any CPU
		{D006B4C8-FE6F-4A11-8EFB-3E575F4E646A}.Release|Any CPU.ActiveCfg = Release|Any CPU
		{D006B4C8-FE6F-4A11-8EFB-3E575F4E646A}.Release|Any CPU.Build.0 = Release|Any CPU
		{21429BF1-0FC6-4019-A22B-231D3492A980}.Debug|Any CPU.ActiveCfg = Debug|Any CPU
		{21429BF1-0FC6-4019-A22B-231D3492A980}.Debug|Any CPU.Build.0 = Debug|Any CPU
		{21429BF1-0FC6-4019-A22B-231D3492A980}.Release|Any CPU.ActiveCfg = Release|Any CPU
		{21429BF1-0FC6-4019-A22B-231D3492A980}.Release|Any CPU.Build.0 = Release|Any CPU
	EndGlobalSection
	GlobalSection(SolutionProperties) = preSolution
		HideSolutionNode = FALSE
	EndGlobalSection
	GlobalSection(ExtensibilityGlobals) = postSolution
		SolutionGuid = {8FD4BB04-C456-45D4-9A87-CDA9AD6FA926}
	EndGlobalSection
EndGlobal
